
Microsoft Visual Studio Solution File, Format Version 12.00
# Visual Studio Version 18
VisualStudioVersion = 18.1.11312.151
MinimumVisualStudioVersion = 10.0.40219.1
Project("{2150E333-8FDC-42A3-9474-1A3956D46DE8}") = "src", "src", "{02EA681E-C7D8-13C7-8484-4AC65E1B71E8}"
EndProject
Project("{2150E333-8FDC-42A3-9474-1A3956D46DE8}") = "tests", "tests", "{86B8BD71-AAA9-486F-BFAB-60A0499BA08D}"
EndProject
Project("{2150E333-8FDC-42A3-9474-1A3956D46DE8}") = "Solution Items", "Solution Items", "{8EC462FD-D22E-90A8-E5CE-7E832BA40C5D}"
	ProjectSection(SolutionItems) = preProject
		.gitignore = .gitignore
		CHANGELOG.md = CHANGELOG.md
		Directory.Build.props = Directory.Build.props
		Directory.Packages.props = Directory.Packages.props
		LICENSE = LICENSE
		README.md = README.md
	EndProjectSection
EndProject
Project("{FAE04EC0-301F-11D3-BF4B-00C04F79EFBC}") = "Optional", "src\Optional\Optional.csproj", "{CCFBC2A4-0FA2-4F51-8005-0CB002E53D29}"
EndProject
Project("{FAE04EC0-301F-11D3-BF4B-00C04F79EFBC}") = "Optional.Tests", "tests\Optional.Tests\Optional.Tests.csproj", "{ABAA1D35-AD5E-494F-92BA-650D58D800D2}"
EndProject
Project("{2150E333-8FDC-42A3-9474-1A3956D46DE8}") = "workflows", "workflows", "{F18D1825-738D-4B96-B50C-6E718BCB6780}"
	ProjectSection(SolutionItems) = preProject
		.github\workflows\build.yaml = .github\workflows\build.yaml
		.github\workflows\publish.yaml = .github\workflows\publish.yaml
		.github\workflows\versionCheck.yaml = .github\workflows\versionCheck.yaml
	EndProjectSection
EndProject
Project("{2150E333-8FDC-42A3-9474-1A3956D46DE8}") = "docs", "docs", "{F47345C9-C006-4E38-90AB-9723AF964779}"
EndProject
Global
	GlobalSection(SolutionConfigurationPlatforms) = preSolution
		Debug|Any CPU = Debug|Any CPU
		Release|Any CPU = Release|Any CPU
	EndGlobalSection
	GlobalSection(ProjectConfigurationPlatforms) = postSolution
		{CCFBC2A4-0FA2-4F51-8005-0CB002E53D29}.Debug|Any CPU.ActiveCfg = Debug|Any CPU
		{CCFBC2A4-0FA2-4F51-8005-0CB002E53D29}.Debug|Any CPU.Build.0 = Debug|Any CPU
		{CCFBC2A4-0FA2-4F51-8005-0CB002E53D29}.Release|Any CPU.ActiveCfg = Release|Any CPU
		{CCFBC2A4-0FA2-4F51-8005-0CB002E53D29}.Release|Any CPU.Build.0 = Release|Any CPU
		{ABAA1D35-AD5E-494F-92BA-650D58D800D2}.Debug|Any CPU.ActiveCfg = Debug|Any CPU
		{ABAA1D35-AD5E-494F-92BA-650D58D800D2}.Debug|Any CPU.Build.0 = Debug|Any CPU
		{ABAA1D35-AD5E-494F-92BA-650D58D800D2}.Release|Any CPU.ActiveCfg = Release|Any CPU
		{ABAA1D35-AD5E-494F-92BA-650D58D800D2}.Release|Any CPU.Build.0 = Release|Any CPU
	EndGlobalSection
	GlobalSection(SolutionProperties) = preSolution
		HideSolutionNode = FALSE
	EndGlobalSection
	GlobalSection(NestedProjects) = preSolution
		{CCFBC2A4-0FA2-4F51-8005-0CB002E53D29} = {02EA681E-C7D8-13C7-8484-4AC65E1B71E8}
		{ABAA1D35-AD5E-494F-92BA-650D58D800D2} = {86B8BD71-AAA9-486F-BFAB-60A0499BA08D}
	EndGlobalSection
	GlobalSection(ExtensibilityGlobals) = postSolution
		SolutionGuid = {BB17DE2B-F618-45E9-A884-A4D9D99A309D}
	EndGlobalSection
EndGlobal
