<Solution>
  <Folder Name="/docs/">
    <File Path="docs/Collections.md" />
    <File Path="docs/Extensions.md" />
    <File Path="docs/Linq.md" />
  </Folder>
  <Folder Name="/Solution Items/">
    <File Path=".gitignore" />
    <File Path="CHANGELOG.md" />
    <File Path="Directory.Build.props" />
    <File Path="Directory.Packages.props" />
    <File Path="LICENSE" />
    <File Path="README.md" />
  </Folder>
  <Folder Name="/src/">
    <Project Path="src/Optional/Optional.csproj" />
  </Folder>
  <Folder Name="/tests/">
    <Project Path="tests/Optional.Tests/Optional.Tests.csproj" />
  </Folder>
  <Folder Name="/workflows/">
    <File Path=".github/workflows/build.yaml" />
    <File Path=".github/workflows/publish.yaml" />
    <File Path=".github/workflows/versionCheck.yaml" />
  </Folder>
</Solution>
